// !$*UTF8*$!
{
	archiveVersion = 1;
	classes = {
	};
	objectVersion = 50;
	objects = {

/* Begin PBXBuildFile section */
		1AED433B9CECA2AD3BF480FD /* Pods_SkiClockUITests.framework in Frameworks */ = {isa = PBXBuildFile; fileRef = 5B469C74C7A06DDA513D96F7 /* Pods_SkiClockUITests.framework */; };
		453993E2B5E4DA70075C721B /* Pods_SkiClock.framework in Frameworks */ = {isa = PBXBuildFile; fileRef = 840BFD56E735132A10B81042 /* Pods_SkiClock.framework */; };
		AC29AB4321B4F49D0049C079 /* AppDelegate.swift in Sources */ = {isa = PBXBuildFile; fileRef = AC29AB4221B4F49D0049C079 /* AppDelegate.swift */; };
		AC29AB4521B4F49D0049C079 /* ViewController.swift in Sources */ = {isa = PBXBuildFile; fileRef = AC29AB4421B4F49D0049C079 /* ViewController.swift */; };
		AC29AB4821B4F49D0049C079 /* Main.storyboard in Resources */ = {isa = PBXBuildFile; fileRef = AC29AB4621B4F49D0049C079 /* Main.storyboard */; };
		AC29AB4A21B4F49E0049C079 /* Assets.xcassets in Resources */ = {isa = PBXBuildFile; fileRef = AC29AB4921B4F49E0049C079 /* Assets.xcassets */; };
		AC29AB4D21B4F49E0049C079 /* LaunchScreen.storyboard in Resources */ = {isa = PBXBuildFile; fileRef = AC29AB4B21B4F49E0049C079 /* LaunchScreen.storyboard */; };
		AC29AB5821B4F49E0049C079 /* SkiClockTests.swift in Sources */ = {isa = PBXBuildFile; fileRef = AC29AB5721B4F49E0049C079 /* SkiClockTests.swift */; };
		AC29AB6321B4F49E0049C079 /* SkiClockUITests.swift in Sources */ = {isa = PBXBuildFile; fileRef = AC29AB6221B4F49E0049C079 /* SkiClockUITests.swift */; };
		AC464C7A223494F800F28265 /* AddSkierController.swift in Sources */ = {isa = PBXBuildFile; fileRef = AC464C79223494F800F28265 /* AddSkierController.swift */; };
		AC464C7E2234B6F300F28265 /* NextNewSkierController.swift in Sources */ = {isa = PBXBuildFile; fileRef = AC464C7D2234B6F300F28265 /* NextNewSkierController.swift */; };
		AC776D1222799C5800134A22 /* TransferController.swift in Sources */ = {isa = PBXBuildFile; fileRef = AC776D1122799C5800134A22 /* TransferController.swift */; };
		AC776D1422799F4000134A22 /* TransferCheckInController.swift in Sources */ = {isa = PBXBuildFile; fileRef = AC776D1322799F4000134A22 /* TransferCheckInController.swift */; };
		AC7D040C2255496D00721EAF /* FristSkierReturnController.swift in Sources */ = {isa = PBXBuildFile; fileRef = AC7D040B2255496D00721EAF /* FristSkierReturnController.swift */; };
		AC985A7B22528FEF00826F4A /* ReturnsHomeController.swift in Sources */ = {isa = PBXBuildFile; fileRef = AC985A7A22528FEF00826F4A /* ReturnsHomeController.swift */; };
		ACD0E8902230CAAD0047981D /* NewCustomerController.swift in Sources */ = {isa = PBXBuildFile; fileRef = ACD0E88F2230CAAD0047981D /* NewCustomerController.swift */; };
		ACD0E8922230CE440047981D /* RentalFormController.swift in Sources */ = {isa = PBXBuildFile; fileRef = ACD0E8912230CE440047981D /* RentalFormController.swift */; };
		ACD0E8942230FEC10047981D /* EquipmentListController.swift in Sources */ = {isa = PBXBuildFile; fileRef = ACD0E8932230FEC10047981D /* EquipmentListController.swift */; };
		ACD0E89E22321B680047981D /* EquipmentHomeController.swift in Sources */ = {isa = PBXBuildFile; fileRef = ACD0E89D22321B680047981D /* EquipmentHomeController.swift */; };
		ACD270DD225D00AC002B9C5B /* ReturnSkierListController.swift in Sources */ = {isa = PBXBuildFile; fileRef = ACD270DC225D00AC002B9C5B /* ReturnSkierListController.swift */; };
		ACD270DF225D1676002B9C5B /* ReturnSkierFormController.swift in Sources */ = {isa = PBXBuildFile; fileRef = ACD270DE225D1676002B9C5B /* ReturnSkierFormController.swift */; };
		ACD270E5225D4A2C002B9C5B /* OverduePickUpsController.swift in Sources */ = {isa = PBXBuildFile; fileRef = ACD270E4225D4A2C002B9C5B /* OverduePickUpsController.swift */; };
		ACD270E7225D52EC002B9C5B /* TomorrowsPickUpsController.swift in Sources */ = {isa = PBXBuildFile; fileRef = ACD270E6225D52EC002B9C5B /* TomorrowsPickUpsController.swift */; };
		ACD270E92262F296002B9C5B /* FrontPageController.swift in Sources */ = {isa = PBXBuildFile; fileRef = ACD270E82262F296002B9C5B /* FrontPageController.swift */; };
		ACD270EB2262F2FD002B9C5B /* EmployeeLoginController.swift in Sources */ = {isa = PBXBuildFile; fileRef = ACD270EA2262F2FD002B9C5B /* EmployeeLoginController.swift */; };
		ACD270EF22640916002B9C5B /* OverdueReturnsListController.swift in Sources */ = {isa = PBXBuildFile; fileRef = ACD270EE22640916002B9C5B /* OverdueReturnsListController.swift */; };
		ACD270F122644E24002B9C5B /* TodaysReturnsListController.swift in Sources */ = {isa = PBXBuildFile; fileRef = ACD270F022644E24002B9C5B /* TodaysReturnsListController.swift */; };
		ACD270F3226456CA002B9C5B /* TomorrowsReturnsListController.swift in Sources */ = {isa = PBXBuildFile; fileRef = ACD270F2226456CA002B9C5B /* TomorrowsReturnsListController.swift */; };
		ACD270F522646040002B9C5B /* CustomerLoginController.swift in Sources */ = {isa = PBXBuildFile; fileRef = ACD270F42264603F002B9C5B /* CustomerLoginController.swift */; };
		ACD270F722646161002B9C5B /* CustomerHomeController.swift in Sources */ = {isa = PBXBuildFile; fileRef = ACD270F622646161002B9C5B /* CustomerHomeController.swift */; };
		ACD270FB22646FEB002B9C5B /* CustomerSkierListController.swift in Sources */ = {isa = PBXBuildFile; fileRef = ACD270FA22646FEB002B9C5B /* CustomerSkierListController.swift */; };
		ACD270FD226488CF002B9C5B /* SkierInfoController.swift in Sources */ = {isa = PBXBuildFile; fileRef = ACD270FC226488CF002B9C5B /* SkierInfoController.swift */; };
		ACD270FF2264A401002B9C5B /* CustomerNewSkierFormController.swift in Sources */ = {isa = PBXBuildFile; fileRef = ACD270FE2264A401002B9C5B /* CustomerNewSkierFormController.swift */; };
		ACD271012264BB3A002B9C5B /* CustomerRentalsListController.swift in Sources */ = {isa = PBXBuildFile; fileRef = ACD271002264BB3A002B9C5B /* CustomerRentalsListController.swift */; };
		ACD271032264CD25002B9C5B /* CustomerRentalsSkierListController.swift in Sources */ = {isa = PBXBuildFile; fileRef = ACD271022264CD24002B9C5B /* CustomerRentalsSkierListController.swift */; };
		ACD271052264DDD3002B9C5B /* CustomerRentalSkierInfoController.swift in Sources */ = {isa = PBXBuildFile; fileRef = ACD271042264DDD3002B9C5B /* CustomerRentalSkierInfoController.swift */; };
		ACD27107226501B6002B9C5B /* RentalAgreementController.swift in Sources */ = {isa = PBXBuildFile; fileRef = ACD27106226501B6002B9C5B /* RentalAgreementController.swift */; };
		ACD2710922651632002B9C5B /* SecondRentalAgreementPageController.swift in Sources */ = {isa = PBXBuildFile; fileRef = ACD2710822651632002B9C5B /* SecondRentalAgreementPageController.swift */; };
		ACF202EF223AC99700FC3B68 /* AllSkisListController.swift in Sources */ = {isa = PBXBuildFile; fileRef = ACF202EE223AC99700FC3B68 /* AllSkisListController.swift */; };
		ACF202F1223C7A6700FC3B68 /* SkisOutController.swift in Sources */ = {isa = PBXBuildFile; fileRef = ACF202F0223C7A6700FC3B68 /* SkisOutController.swift */; };
		ACF202F7223F290E00FC3B68 /* BootsInController.swift in Sources */ = {isa = PBXBuildFile; fileRef = ACF202F6223F290E00FC3B68 /* BootsInController.swift */; };
		ACF202F9223F2EE500FC3B68 /* AllBootsController.swift in Sources */ = {isa = PBXBuildFile; fileRef = ACF202F8223F2EE500FC3B68 /* AllBootsController.swift */; };
		ACF202FD223F36B500FC3B68 /* BootsOutController.swift in Sources */ = {isa = PBXBuildFile; fileRef = ACF202FC223F36B500FC3B68 /* BootsOutController.swift */; };
		ACF202FF223F39EA00FC3B68 /* HelmetsInController.swift in Sources */ = {isa = PBXBuildFile; fileRef = ACF202FE223F39EA00FC3B68 /* HelmetsInController.swift */; };
		ACF20301223F3D9500FC3B68 /* AllHelmetsController.swift in Sources */ = {isa = PBXBuildFile; fileRef = ACF20300223F3D9500FC3B68 /* AllHelmetsController.swift */; };
		ACF20303223F3F7400FC3B68 /* HelmetsOutController.swift in Sources */ = {isa = PBXBuildFile; fileRef = ACF20302223F3F7400FC3B68 /* HelmetsOutController.swift */; };
		ACF20305223F4B0500FC3B68 /* RentalsListController.swift in Sources */ = {isa = PBXBuildFile; fileRef = ACF20304223F4B0500FC3B68 /* RentalsListController.swift */; };
		ACF20307223F579600FC3B68 /* SkierListController.swift in Sources */ = {isa = PBXBuildFile; fileRef = ACF20306223F579600FC3B68 /* SkierListController.swift */; };
		ACF2030B2240162400FC3B68 /* RentalHomeController.swift in Sources */ = {isa = PBXBuildFile; fileRef = ACF2030A2240162400FC3B68 /* RentalHomeController.swift */; };
		ACF2030D224019F300FC3B68 /* SkierEquipmentFormContoller.swift in Sources */ = {isa = PBXBuildFile; fileRef = ACF2030C224019F300FC3B68 /* SkierEquipmentFormContoller.swift */; };
		E0E77CFF0A19C3D5A29A037E /* Pods_SkiClockTests.framework in Frameworks */ = {isa = PBXBuildFile; fileRef = BCB1F94C6A6AAAA20150F5E5 /* Pods_SkiClockTests.framework */; };
/* End PBXBuildFile section */

/* Begin PBXContainerItemProxy section */
		AC29AB5421B4F49E0049C079 /* PBXContainerItemProxy */ = {
			isa = PBXContainerItemProxy;
			containerPortal = AC29AB3721B4F49D0049C079 /* Project object */;
			proxyType = 1;
			remoteGlobalIDString = AC29AB3E21B4F49D0049C079;
			remoteInfo = SkiClock;
		};
		AC29AB5F21B4F49E0049C079 /* PBXContainerItemProxy */ = {
			isa = PBXContainerItemProxy;
			containerPortal = AC29AB3721B4F49D0049C079 /* Project object */;
			proxyType = 1;
			remoteGlobalIDString = AC29AB3E21B4F49D0049C079;
			remoteInfo = SkiClock;
		};
/* End PBXContainerItemProxy section */

/* Begin PBXFileReference section */
		2D76F8CAF12BE00894AAEFBA /* Pods-SkiClockUITests.debug.xcconfig */ = {isa = PBXFileReference; includeInIndex = 1; lastKnownFileType = text.xcconfig; name = "Pods-SkiClockUITests.debug.xcconfig"; path = "Target Support Files/Pods-SkiClockUITests/Pods-SkiClockUITests.debug.xcconfig"; sourceTree = "<group>"; };
		41D206FA2FBC420898B4789A /* Pods-SkiClock.release.xcconfig */ = {isa = PBXFileReference; includeInIndex = 1; lastKnownFileType = text.xcconfig; name = "Pods-SkiClock.release.xcconfig"; path = "Target Support Files/Pods-SkiClock/Pods-SkiClock.release.xcconfig"; sourceTree = "<group>"; };
		5B469C74C7A06DDA513D96F7 /* Pods_SkiClockUITests.framework */ = {isa = PBXFileReference; explicitFileType = wrapper.framework; includeInIndex = 0; path = Pods_SkiClockUITests.framework; sourceTree = BUILT_PRODUCTS_DIR; };
		840BFD56E735132A10B81042 /* Pods_SkiClock.framework */ = {isa = PBXFileReference; explicitFileType = wrapper.framework; includeInIndex = 0; path = Pods_SkiClock.framework; sourceTree = BUILT_PRODUCTS_DIR; };
		AC29AB3F21B4F49D0049C079 /* SkiClock.app */ = {isa = PBXFileReference; explicitFileType = wrapper.application; includeInIndex = 0; path = SkiClock.app; sourceTree = BUILT_PRODUCTS_DIR; };
		AC29AB4221B4F49D0049C079 /* AppDelegate.swift */ = {isa = PBXFileReference; lastKnownFileType = sourcecode.swift; path = AppDelegate.swift; sourceTree = "<group>"; };
		AC29AB4421B4F49D0049C079 /* ViewController.swift */ = {isa = PBXFileReference; lastKnownFileType = sourcecode.swift; path = ViewController.swift; sourceTree = "<group>"; };
		AC29AB4721B4F49D0049C079 /* Base */ = {isa = PBXFileReference; lastKnownFileType = file.storyboard; name = Base; path = Base.lproj/Main.storyboard; sourceTree = "<group>"; };
		AC29AB4921B4F49E0049C079 /* Assets.xcassets */ = {isa = PBXFileReference; lastKnownFileType = folder.assetcatalog; path = Assets.xcassets; sourceTree = "<group>"; };
		AC29AB4C21B4F49E0049C079 /* Base */ = {isa = PBXFileReference; lastKnownFileType = file.storyboard; name = Base; path = Base.lproj/LaunchScreen.storyboard; sourceTree = "<group>"; };
		AC29AB4E21B4F49E0049C079 /* Info.plist */ = {isa = PBXFileReference; lastKnownFileType = text.plist.xml; path = Info.plist; sourceTree = "<group>"; };
		AC29AB5321B4F49E0049C079 /* SkiClockTests.xctest */ = {isa = PBXFileReference; explicitFileType = wrapper.cfbundle; includeInIndex = 0; path = SkiClockTests.xctest; sourceTree = BUILT_PRODUCTS_DIR; };
		AC29AB5721B4F49E0049C079 /* SkiClockTests.swift */ = {isa = PBXFileReference; lastKnownFileType = sourcecode.swift; path = SkiClockTests.swift; sourceTree = "<group>"; };
		AC29AB5921B4F49E0049C079 /* Info.plist */ = {isa = PBXFileReference; lastKnownFileType = text.plist.xml; path = Info.plist; sourceTree = "<group>"; };
		AC29AB5E21B4F49E0049C079 /* SkiClockUITests.xctest */ = {isa = PBXFileReference; explicitFileType = wrapper.cfbundle; includeInIndex = 0; path = SkiClockUITests.xctest; sourceTree = BUILT_PRODUCTS_DIR; };
		AC29AB6221B4F49E0049C079 /* SkiClockUITests.swift */ = {isa = PBXFileReference; lastKnownFileType = sourcecode.swift; path = SkiClockUITests.swift; sourceTree = "<group>"; };
		AC29AB6421B4F49E0049C079 /* Info.plist */ = {isa = PBXFileReference; lastKnownFileType = text.plist.xml; path = Info.plist; sourceTree = "<group>"; };
		AC464C79223494F800F28265 /* AddSkierController.swift */ = {isa = PBXFileReference; lastKnownFileType = sourcecode.swift; path = AddSkierController.swift; sourceTree = "<group>"; };
		AC464C7D2234B6F300F28265 /* NextNewSkierController.swift */ = {isa = PBXFileReference; lastKnownFileType = sourcecode.swift; path = NextNewSkierController.swift; sourceTree = "<group>"; };
		AC776D1122799C5800134A22 /* TransferController.swift */ = {isa = PBXFileReference; lastKnownFileType = sourcecode.swift; path = TransferController.swift; sourceTree = "<group>"; };
		AC776D1322799F4000134A22 /* TransferCheckInController.swift */ = {isa = PBXFileReference; lastKnownFileType = sourcecode.swift; path = TransferCheckInController.swift; sourceTree = "<group>"; };
		AC7D040B2255496D00721EAF /* FristSkierReturnController.swift */ = {isa = PBXFileReference; lastKnownFileType = sourcecode.swift; path = FristSkierReturnController.swift; sourceTree = "<group>"; };
		AC985A7A22528FEF00826F4A /* ReturnsHomeController.swift */ = {isa = PBXFileReference; lastKnownFileType = sourcecode.swift; path = ReturnsHomeController.swift; sourceTree = "<group>"; };
		ACD0E88F2230CAAD0047981D /* NewCustomerController.swift */ = {isa = PBXFileReference; lastKnownFileType = sourcecode.swift; path = NewCustomerController.swift; sourceTree = "<group>"; };
		ACD0E8912230CE440047981D /* RentalFormController.swift */ = {isa = PBXFileReference; lastKnownFileType = sourcecode.swift; path = RentalFormController.swift; sourceTree = "<group>"; };
		ACD0E8932230FEC10047981D /* EquipmentListController.swift */ = {isa = PBXFileReference; lastKnownFileType = sourcecode.swift; path = EquipmentListController.swift; sourceTree = "<group>"; };
		ACD0E89D22321B680047981D /* EquipmentHomeController.swift */ = {isa = PBXFileReference; lastKnownFileType = sourcecode.swift; path = EquipmentHomeController.swift; sourceTree = "<group>"; };
		ACD270DC225D00AC002B9C5B /* ReturnSkierListController.swift */ = {isa = PBXFileReference; lastKnownFileType = sourcecode.swift; path = ReturnSkierListController.swift; sourceTree = "<group>"; };
		ACD270DE225D1676002B9C5B /* ReturnSkierFormController.swift */ = {isa = PBXFileReference; lastKnownFileType = sourcecode.swift; path = ReturnSkierFormController.swift; sourceTree = "<group>"; };
		ACD270E4225D4A2C002B9C5B /* OverduePickUpsController.swift */ = {isa = PBXFileReference; lastKnownFileType = sourcecode.swift; path = OverduePickUpsController.swift; sourceTree = "<group>"; };
		ACD270E6225D52EC002B9C5B /* TomorrowsPickUpsController.swift */ = {isa = PBXFileReference; lastKnownFileType = sourcecode.swift; path = TomorrowsPickUpsController.swift; sourceTree = "<group>"; };
		ACD270E82262F296002B9C5B /* FrontPageController.swift */ = {isa = PBXFileReference; lastKnownFileType = sourcecode.swift; path = FrontPageController.swift; sourceTree = "<group>"; };
		ACD270EA2262F2FD002B9C5B /* EmployeeLoginController.swift */ = {isa = PBXFileReference; lastKnownFileType = sourcecode.swift; path = EmployeeLoginController.swift; sourceTree = "<group>"; };
		ACD270EE22640916002B9C5B /* OverdueReturnsListController.swift */ = {isa = PBXFileReference; lastKnownFileType = sourcecode.swift; path = OverdueReturnsListController.swift; sourceTree = "<group>"; };
		ACD270F022644E24002B9C5B /* TodaysReturnsListController.swift */ = {isa = PBXFileReference; lastKnownFileType = sourcecode.swift; path = TodaysReturnsListController.swift; sourceTree = "<group>"; };
		ACD270F2226456CA002B9C5B /* TomorrowsReturnsListController.swift */ = {isa = PBXFileReference; lastKnownFileType = sourcecode.swift; path = TomorrowsReturnsListController.swift; sourceTree = "<group>"; };
		ACD270F42264603F002B9C5B /* CustomerLoginController.swift */ = {isa = PBXFileReference; lastKnownFileType = sourcecode.swift; path = CustomerLoginController.swift; sourceTree = "<group>"; };
		ACD270F622646161002B9C5B /* CustomerHomeController.swift */ = {isa = PBXFileReference; lastKnownFileType = sourcecode.swift; path = CustomerHomeController.swift; sourceTree = "<group>"; };
		ACD270FA22646FEB002B9C5B /* CustomerSkierListController.swift */ = {isa = PBXFileReference; lastKnownFileType = sourcecode.swift; path = CustomerSkierListController.swift; sourceTree = "<group>"; };
		ACD270FC226488CF002B9C5B /* SkierInfoController.swift */ = {isa = PBXFileReference; lastKnownFileType = sourcecode.swift; path = SkierInfoController.swift; sourceTree = "<group>"; };
		ACD270FE2264A401002B9C5B /* CustomerNewSkierFormController.swift */ = {isa = PBXFileReference; lastKnownFileType = sourcecode.swift; path = CustomerNewSkierFormController.swift; sourceTree = "<group>"; };
		ACD271002264BB3A002B9C5B /* CustomerRentalsListController.swift */ = {isa = PBXFileReference; lastKnownFileType = sourcecode.swift; path = CustomerRentalsListController.swift; sourceTree = "<group>"; };
		ACD271022264CD24002B9C5B /* CustomerRentalsSkierListController.swift */ = {isa = PBXFileReference; lastKnownFileType = sourcecode.swift; path = CustomerRentalsSkierListController.swift; sourceTree = "<group>"; };
		ACD271042264DDD3002B9C5B /* CustomerRentalSkierInfoController.swift */ = {isa = PBXFileReference; lastKnownFileType = sourcecode.swift; path = CustomerRentalSkierInfoController.swift; sourceTree = "<group>"; };
		ACD27106226501B6002B9C5B /* RentalAgreementController.swift */ = {isa = PBXFileReference; lastKnownFileType = sourcecode.swift; path = RentalAgreementController.swift; sourceTree = "<group>"; };
		ACD2710822651632002B9C5B /* SecondRentalAgreementPageController.swift */ = {isa = PBXFileReference; lastKnownFileType = sourcecode.swift; path = SecondRentalAgreementPageController.swift; sourceTree = "<group>"; };
		ACF202EE223AC99700FC3B68 /* AllSkisListController.swift */ = {isa = PBXFileReference; lastKnownFileType = sourcecode.swift; path = AllSkisListController.swift; sourceTree = "<group>"; };
		ACF202F0223C7A6700FC3B68 /* SkisOutController.swift */ = {isa = PBXFileReference; lastKnownFileType = sourcecode.swift; path = SkisOutController.swift; sourceTree = "<group>"; };
		ACF202F6223F290E00FC3B68 /* BootsInController.swift */ = {isa = PBXFileReference; lastKnownFileType = sourcecode.swift; path = BootsInController.swift; sourceTree = "<group>"; };
		ACF202F8223F2EE500FC3B68 /* AllBootsController.swift */ = {isa = PBXFileReference; lastKnownFileType = sourcecode.swift; path = AllBootsController.swift; sourceTree = "<group>"; };
		ACF202FC223F36B500FC3B68 /* BootsOutController.swift */ = {isa = PBXFileReference; lastKnownFileType = sourcecode.swift; path = BootsOutController.swift; sourceTree = "<group>"; };
		ACF202FE223F39EA00FC3B68 /* HelmetsInController.swift */ = {isa = PBXFileReference; lastKnownFileType = sourcecode.swift; path = HelmetsInController.swift; sourceTree = "<group>"; };
		ACF20300223F3D9500FC3B68 /* AllHelmetsController.swift */ = {isa = PBXFileReference; lastKnownFileType = sourcecode.swift; path = AllHelmetsController.swift; sourceTree = "<group>"; };
		ACF20302223F3F7400FC3B68 /* HelmetsOutController.swift */ = {isa = PBXFileReference; lastKnownFileType = sourcecode.swift; path = HelmetsOutController.swift; sourceTree = "<group>"; };
		ACF20304223F4B0500FC3B68 /* RentalsListController.swift */ = {isa = PBXFileReference; lastKnownFileType = sourcecode.swift; path = RentalsListController.swift; sourceTree = "<group>"; };
		ACF20306223F579600FC3B68 /* SkierListController.swift */ = {isa = PBXFileReference; lastKnownFileType = sourcecode.swift; path = SkierListController.swift; sourceTree = "<group>"; };
		ACF2030A2240162400FC3B68 /* RentalHomeController.swift */ = {isa = PBXFileReference; lastKnownFileType = sourcecode.swift; path = RentalHomeController.swift; sourceTree = "<group>"; };
		ACF2030C224019F300FC3B68 /* SkierEquipmentFormContoller.swift */ = {isa = PBXFileReference; lastKnownFileType = sourcecode.swift; path = SkierEquipmentFormContoller.swift; sourceTree = "<group>"; };
		BCB1F94C6A6AAAA20150F5E5 /* Pods_SkiClockTests.framework */ = {isa = PBXFileReference; explicitFileType = wrapper.framework; includeInIndex = 0; path = Pods_SkiClockTests.framework; sourceTree = BUILT_PRODUCTS_DIR; };
		BF898907817EDA473F426809 /* Pods-SkiClock.debug.xcconfig */ = {isa = PBXFileReference; includeInIndex = 1; lastKnownFileType = text.xcconfig; name = "Pods-SkiClock.debug.xcconfig"; path = "Target Support Files/Pods-SkiClock/Pods-SkiClock.debug.xcconfig"; sourceTree = "<group>"; };
		C431D711A390D23B8FC8FB80 /* Pods-SkiClockTests.release.xcconfig */ = {isa = PBXFileReference; includeInIndex = 1; lastKnownFileType = text.xcconfig; name = "Pods-SkiClockTests.release.xcconfig"; path = "Target Support Files/Pods-SkiClockTests/Pods-SkiClockTests.release.xcconfig"; sourceTree = "<group>"; };
		DF3BA8B0A540A2E0124A7144 /* Pods-SkiClockUITests.release.xcconfig */ = {isa = PBXFileReference; includeInIndex = 1; lastKnownFileType = text.xcconfig; name = "Pods-SkiClockUITests.release.xcconfig"; path = "Target Support Files/Pods-SkiClockUITests/Pods-SkiClockUITests.release.xcconfig"; sourceTree = "<group>"; };
		E77C5A08C78C24EF4AF117F0 /* Pods-SkiClockTests.debug.xcconfig */ = {isa = PBXFileReference; includeInIndex = 1; lastKnownFileType = text.xcconfig; name = "Pods-SkiClockTests.debug.xcconfig"; path = "Target Support Files/Pods-SkiClockTests/Pods-SkiClockTests.debug.xcconfig"; sourceTree = "<group>"; };
/* End PBXFileReference section */

/* Begin PBXFrameworksBuildPhase section */
		AC29AB3C21B4F49D0049C079 /* Frameworks */ = {
			isa = PBXFrameworksBuildPhase;
			buildActionMask = 2147483647;
			files = (
				453993E2B5E4DA70075C721B /* Pods_SkiClock.framework in Frameworks */,
			);
			runOnlyForDeploymentPostprocessing = 0;
		};
		AC29AB5021B4F49E0049C079 /* Frameworks */ = {
			isa = PBXFrameworksBuildPhase;
			buildActionMask = 2147483647;
			files = (
				E0E77CFF0A19C3D5A29A037E /* Pods_SkiClockTests.framework in Frameworks */,
			);
			runOnlyForDeploymentPostprocessing = 0;
		};
		AC29AB5B21B4F49E0049C079 /* Frameworks */ = {
			isa = PBXFrameworksBuildPhase;
			buildActionMask = 2147483647;
			files = (
				1AED433B9CECA2AD3BF480FD /* Pods_SkiClockUITests.framework in Frameworks */,
			);
			runOnlyForDeploymentPostprocessing = 0;
		};
/* End PBXFrameworksBuildPhase section */

/* Begin PBXGroup section */
		963A5B778A6A7F00CE52614F /* Frameworks */ = {
			isa = PBXGroup;
			children = (
				840BFD56E735132A10B81042 /* Pods_SkiClock.framework */,
				BCB1F94C6A6AAAA20150F5E5 /* Pods_SkiClockTests.framework */,
				5B469C74C7A06DDA513D96F7 /* Pods_SkiClockUITests.framework */,
			);
			name = Frameworks;
			sourceTree = "<group>";
		};
		AC29AB3621B4F49D0049C079 = {
			isa = PBXGroup;
			children = (
				AC29AB4121B4F49D0049C079 /* SkiClock */,
				AC29AB5621B4F49E0049C079 /* SkiClockTests */,
				AC29AB6121B4F49E0049C079 /* SkiClockUITests */,
				AC29AB4021B4F49D0049C079 /* Products */,
				F2958DABA3DD2BBAFFF02732 /* Pods */,
				963A5B778A6A7F00CE52614F /* Frameworks */,
			);
			sourceTree = "<group>";
		};
		AC29AB4021B4F49D0049C079 /* Products */ = {
			isa = PBXGroup;
			children = (
				AC29AB3F21B4F49D0049C079 /* SkiClock.app */,
				AC29AB5321B4F49E0049C079 /* SkiClockTests.xctest */,
				AC29AB5E21B4F49E0049C079 /* SkiClockUITests.xctest */,
			);
			name = Products;
			sourceTree = "<group>";
		};
		AC29AB4121B4F49D0049C079 /* SkiClock */ = {
			isa = PBXGroup;
			children = (
				AC776D1122799C5800134A22 /* TransferController.swift */,
				ACD271022264CD24002B9C5B /* CustomerRentalsSkierListController.swift */,
				ACD270FC226488CF002B9C5B /* SkierInfoController.swift */,
				ACD270FA22646FEB002B9C5B /* CustomerSkierListController.swift */,
				ACD270F42264603F002B9C5B /* CustomerLoginController.swift */,
				ACD270F2226456CA002B9C5B /* TomorrowsReturnsListController.swift */,
				ACD270EE22640916002B9C5B /* OverdueReturnsListController.swift */,
				ACD270E6225D52EC002B9C5B /* TomorrowsPickUpsController.swift */,
				AC7D040B2255496D00721EAF /* FristSkierReturnController.swift */,
				AC985A7A22528FEF00826F4A /* ReturnsHomeController.swift */,
				ACF20306223F579600FC3B68 /* SkierListController.swift */,
				ACF20302223F3F7400FC3B68 /* HelmetsOutController.swift */,
				ACF20300223F3D9500FC3B68 /* AllHelmetsController.swift */,
				ACF202FE223F39EA00FC3B68 /* HelmetsInController.swift */,
				ACF202FC223F36B500FC3B68 /* BootsOutController.swift */,
				ACF202F8223F2EE500FC3B68 /* AllBootsController.swift */,
				ACF202F6223F290E00FC3B68 /* BootsInController.swift */,
				ACF202EE223AC99700FC3B68 /* AllSkisListController.swift */,
				AC29AB4221B4F49D0049C079 /* AppDelegate.swift */,
				AC29AB4421B4F49D0049C079 /* ViewController.swift */,
				AC29AB4621B4F49D0049C079 /* Main.storyboard */,
				AC776D1322799F4000134A22 /* TransferCheckInController.swift */,
				ACD2710822651632002B9C5B /* SecondRentalAgreementPageController.swift */,
				ACD27106226501B6002B9C5B /* RentalAgreementController.swift */,
				ACD271042264DDD3002B9C5B /* CustomerRentalSkierInfoController.swift */,
				ACD271002264BB3A002B9C5B /* CustomerRentalsListController.swift */,
				ACD270FE2264A401002B9C5B /* CustomerNewSkierFormController.swift */,
				ACD270F622646161002B9C5B /* CustomerHomeController.swift */,
				ACD270F022644E24002B9C5B /* TodaysReturnsListController.swift */,
				ACD270EA2262F2FD002B9C5B /* EmployeeLoginController.swift */,
				ACD270E82262F296002B9C5B /* FrontPageController.swift */,
				ACD270E4225D4A2C002B9C5B /* OverduePickUpsController.swift */,
				ACD270DC225D00AC002B9C5B /* ReturnSkierListController.swift */,
				ACD270DE225D1676002B9C5B /* ReturnSkierFormController.swift */,
				ACF2030C224019F300FC3B68 /* SkierEquipmentFormContoller.swift */,
				ACF2030A2240162400FC3B68 /* RentalHomeController.swift */,
				ACF20304223F4B0500FC3B68 /* RentalsListController.swift */,
				ACF202F0223C7A6700FC3B68 /* SkisOutController.swift */,
				AC464C7D2234B6F300F28265 /* NextNewSkierController.swift */,
				AC464C79223494F800F28265 /* AddSkierController.swift */,
				ACD0E89D22321B680047981D /* EquipmentHomeController.swift */,
				ACD0E8932230FEC10047981D /* EquipmentListController.swift */,
				ACD0E8912230CE440047981D /* RentalFormController.swift */,
				ACD0E88F2230CAAD0047981D /* NewCustomerController.swift */,
				AC29AB4921B4F49E0049C079 /* Assets.xcassets */,
				AC29AB4B21B4F49E0049C079 /* LaunchScreen.storyboard */,
				AC29AB4E21B4F49E0049C079 /* Info.plist */,
			);
			path = SkiClock;
			sourceTree = "<group>";
		};
		AC29AB5621B4F49E0049C079 /* SkiClockTests */ = {
			isa = PBXGroup;
			children = (
				AC29AB5721B4F49E0049C079 /* SkiClockTests.swift */,
				AC29AB5921B4F49E0049C079 /* Info.plist */,
			);
			path = SkiClockTests;
			sourceTree = "<group>";
		};
		AC29AB6121B4F49E0049C079 /* SkiClockUITests */ = {
			isa = PBXGroup;
			children = (
				AC29AB6221B4F49E0049C079 /* SkiClockUITests.swift */,
				AC29AB6421B4F49E0049C079 /* Info.plist */,
			);
			path = SkiClockUITests;
			sourceTree = "<group>";
		};
		F2958DABA3DD2BBAFFF02732 /* Pods */ = {
			isa = PBXGroup;
			children = (
				BF898907817EDA473F426809 /* Pods-SkiClock.debug.xcconfig */,
				41D206FA2FBC420898B4789A /* Pods-SkiClock.release.xcconfig */,
				E77C5A08C78C24EF4AF117F0 /* Pods-SkiClockTests.debug.xcconfig */,
				C431D711A390D23B8FC8FB80 /* Pods-SkiClockTests.release.xcconfig */,
				2D76F8CAF12BE00894AAEFBA /* Pods-SkiClockUITests.debug.xcconfig */,
				DF3BA8B0A540A2E0124A7144 /* Pods-SkiClockUITests.release.xcconfig */,
			);
			path = Pods;
			sourceTree = "<group>";
		};
/* End PBXGroup section */

/* Begin PBXNativeTarget section */
		AC29AB3E21B4F49D0049C079 /* SkiClock */ = {
			isa = PBXNativeTarget;
			buildConfigurationList = AC29AB6721B4F49E0049C079 /* Build configuration list for PBXNativeTarget "SkiClock" */;
			buildPhases = (
				B572C04E2782833C5A7E10D7 /* [CP] Check Pods Manifest.lock */,
				AC29AB3B21B4F49D0049C079 /* Sources */,
				AC29AB3C21B4F49D0049C079 /* Frameworks */,
				AC29AB3D21B4F49D0049C079 /* Resources */,
				F05D97940C0D5804BEF577C2 /* [CP] Embed Pods Frameworks */,
			);
			buildRules = (
			);
			dependencies = (
			);
			name = SkiClock;
			productName = SkiClock;
			productReference = AC29AB3F21B4F49D0049C079 /* SkiClock.app */;
			productType = "com.apple.product-type.application";
		};
		AC29AB5221B4F49E0049C079 /* SkiClockTests */ = {
			isa = PBXNativeTarget;
			buildConfigurationList = AC29AB6A21B4F49E0049C079 /* Build configuration list for PBXNativeTarget "SkiClockTests" */;
			buildPhases = (
				515F0DEFE826DDF2C96E58EF /* [CP] Check Pods Manifest.lock */,
				AC29AB4F21B4F49E0049C079 /* Sources */,
				AC29AB5021B4F49E0049C079 /* Frameworks */,
				AC29AB5121B4F49E0049C079 /* Resources */,
			);
			buildRules = (
			);
			dependencies = (
				AC29AB5521B4F49E0049C079 /* PBXTargetDependency */,
			);
			name = SkiClockTests;
			productName = SkiClockTests;
			productReference = AC29AB5321B4F49E0049C079 /* SkiClockTests.xctest */;
			productType = "com.apple.product-type.bundle.unit-test";
		};
		AC29AB5D21B4F49E0049C079 /* SkiClockUITests */ = {
			isa = PBXNativeTarget;
			buildConfigurationList = AC29AB6D21B4F49E0049C079 /* Build configuration list for PBXNativeTarget "SkiClockUITests" */;
			buildPhases = (
				95A308B3676ECF77F0AFCFC2 /* [CP] Check Pods Manifest.lock */,
				AC29AB5A21B4F49E0049C079 /* Sources */,
				AC29AB5B21B4F49E0049C079 /* Frameworks */,
				AC29AB5C21B4F49E0049C079 /* Resources */,
			);
			buildRules = (
			);
			dependencies = (
				AC29AB6021B4F49E0049C079 /* PBXTargetDependency */,
			);
			name = SkiClockUITests;
			productName = SkiClockUITests;
			productReference = AC29AB5E21B4F49E0049C079 /* SkiClockUITests.xctest */;
			productType = "com.apple.product-type.bundle.ui-testing";
		};
/* End PBXNativeTarget section */

/* Begin PBXProject section */
		AC29AB3721B4F49D0049C079 /* Project object */ = {
			isa = PBXProject;
			attributes = {
				LastSwiftUpdateCheck = 1010;
				LastUpgradeCheck = 1010;
				ORGANIZATIONNAME = "Ian Sime";
				TargetAttributes = {
					AC29AB3E21B4F49D0049C079 = {
						CreatedOnToolsVersion = 10.1;
					};
					AC29AB5221B4F49E0049C079 = {
						CreatedOnToolsVersion = 10.1;
						TestTargetID = AC29AB3E21B4F49D0049C079;
					};
					AC29AB5D21B4F49E0049C079 = {
						CreatedOnToolsVersion = 10.1;
						TestTargetID = AC29AB3E21B4F49D0049C079;
					};
				};
			};
			buildConfigurationList = AC29AB3A21B4F49D0049C079 /* Build configuration list for PBXProject "SkiClock" */;
			compatibilityVersion = "Xcode 9.3";
			developmentRegion = en;
			hasScannedForEncodings = 0;
			knownRegions = (
				en,
				Base,
			);
			mainGroup = AC29AB3621B4F49D0049C079;
			productRefGroup = AC29AB4021B4F49D0049C079 /* Products */;
			projectDirPath = "";
			projectRoot = "";
			targets = (
				AC29AB3E21B4F49D0049C079 /* SkiClock */,
				AC29AB5221B4F49E0049C079 /* SkiClockTests */,
				AC29AB5D21B4F49E0049C079 /* SkiClockUITests */,
			);
		};
/* End PBXProject section */

/* Begin PBXResourcesBuildPhase section */
		AC29AB3D21B4F49D0049C079 /* Resources */ = {
			isa = PBXResourcesBuildPhase;
			buildActionMask = 2147483647;
			files = (
				AC29AB4D21B4F49E0049C079 /* LaunchScreen.storyboard in Resources */,
				AC29AB4A21B4F49E0049C079 /* Assets.xcassets in Resources */,
				AC29AB4821B4F49D0049C079 /* Main.storyboard in Resources */,
			);
			runOnlyForDeploymentPostprocessing = 0;
		};
		AC29AB5121B4F49E0049C079 /* Resources */ = {
			isa = PBXResourcesBuildPhase;
			buildActionMask = 2147483647;
			files = (
			);
			runOnlyForDeploymentPostprocessing = 0;
		};
		AC29AB5C21B4F49E0049C079 /* Resources */ = {
			isa = PBXResourcesBuildPhase;
			buildActionMask = 2147483647;
			files = (
			);
			runOnlyForDeploymentPostprocessing = 0;
		};
/* End PBXResourcesBuildPhase section */

/* Begin PBXShellScriptBuildPhase section */
		515F0DEFE826DDF2C96E58EF /* [CP] Check Pods Manifest.lock */ = {
			isa = PBXShellScriptBuildPhase;
			buildActionMask = 2147483647;
			files = (
			);
			inputFileListPaths = (
			);
			inputPaths = (
				"${PODS_PODFILE_DIR_PATH}/Podfile.lock",
				"${PODS_ROOT}/Manifest.lock",
			);
			name = "[CP] Check Pods Manifest.lock";
			outputFileListPaths = (
			);
			outputPaths = (
				"$(DERIVED_FILE_DIR)/Pods-SkiClockTests-checkManifestLockResult.txt",
			);
			runOnlyForDeploymentPostprocessing = 0;
			shellPath = /bin/sh;
			shellScript = "diff \"${PODS_PODFILE_DIR_PATH}/Podfile.lock\" \"${PODS_ROOT}/Manifest.lock\" > /dev/null\nif [ $? != 0 ] ; then\n    # print error to STDERR\n    echo \"error: The sandbox is not in sync with the Podfile.lock. Run 'pod install' or update your CocoaPods installation.\" >&2\n    exit 1\nfi\n# This output is used by Xcode 'outputs' to avoid re-running this script phase.\necho \"SUCCESS\" > \"${SCRIPT_OUTPUT_FILE_0}\"\n";
			showEnvVarsInLog = 0;
		};
		95A308B3676ECF77F0AFCFC2 /* [CP] Check Pods Manifest.lock */ = {
			isa = PBXShellScriptBuildPhase;
			buildActionMask = 2147483647;
			files = (
			);
			inputFileListPaths = (
			);
			inputPaths = (
				"${PODS_PODFILE_DIR_PATH}/Podfile.lock",
				"${PODS_ROOT}/Manifest.lock",
			);
			name = "[CP] Check Pods Manifest.lock";
			outputFileListPaths = (
			);
			outputPaths = (
				"$(DERIVED_FILE_DIR)/Pods-SkiClockUITests-checkManifestLockResult.txt",
			);
			runOnlyForDeploymentPostprocessing = 0;
			shellPath = /bin/sh;
			shellScript = "diff \"${PODS_PODFILE_DIR_PATH}/Podfile.lock\" \"${PODS_ROOT}/Manifest.lock\" > /dev/null\nif [ $? != 0 ] ; then\n    # print error to STDERR\n    echo \"error: The sandbox is not in sync with the Podfile.lock. Run 'pod install' or update your CocoaPods installation.\" >&2\n    exit 1\nfi\n# This output is used by Xcode 'outputs' to avoid re-running this script phase.\necho \"SUCCESS\" > \"${SCRIPT_OUTPUT_FILE_0}\"\n";
			showEnvVarsInLog = 0;
		};
		B572C04E2782833C5A7E10D7 /* [CP] Check Pods Manifest.lock */ = {
			isa = PBXShellScriptBuildPhase;
			buildActionMask = 2147483647;
			files = (
			);
			inputFileListPaths = (
			);
			inputPaths = (
				"${PODS_PODFILE_DIR_PATH}/Podfile.lock",
				"${PODS_ROOT}/Manifest.lock",
			);
			name = "[CP] Check Pods Manifest.lock";
			outputFileListPaths = (
			);
			outputPaths = (
				"$(DERIVED_FILE_DIR)/Pods-SkiClock-checkManifestLockResult.txt",
			);
			runOnlyForDeploymentPostprocessing = 0;
			shellPath = /bin/sh;
			shellScript = "diff \"${PODS_PODFILE_DIR_PATH}/Podfile.lock\" \"${PODS_ROOT}/Manifest.lock\" > /dev/null\nif [ $? != 0 ] ; then\n    # print error to STDERR\n    echo \"error: The sandbox is not in sync with the Podfile.lock. Run 'pod install' or update your CocoaPods installation.\" >&2\n    exit 1\nfi\n# This output is used by Xcode 'outputs' to avoid re-running this script phase.\necho \"SUCCESS\" > \"${SCRIPT_OUTPUT_FILE_0}\"\n";
			showEnvVarsInLog = 0;
		};
		F05D97940C0D5804BEF577C2 /* [CP] Embed Pods Frameworks */ = {
			isa = PBXShellScriptBuildPhase;
			buildActionMask = 2147483647;
			files = (
			);
			inputFileListPaths = (
			);
			inputPaths = (
				"${PODS_ROOT}/Target Support Files/Pods-SkiClock/Pods-SkiClock-frameworks.sh",
				"${BUILT_PRODUCTS_DIR}/IQKeyboardManager/IQKeyboardManager.framework",
			);
			name = "[CP] Embed Pods Frameworks";
			outputFileListPaths = (
			);
			outputPaths = (
				"${TARGET_BUILD_DIR}/${FRAMEWORKS_FOLDER_PATH}/IQKeyboardManager.framework",
			);
			runOnlyForDeploymentPostprocessing = 0;
			shellPath = /bin/sh;
			shellScript = "\"${PODS_ROOT}/Target Support Files/Pods-SkiClock/Pods-SkiClock-frameworks.sh\"\n";
			showEnvVarsInLog = 0;
		};
/* End PBXShellScriptBuildPhase section */

/* Begin PBXSourcesBuildPhase section */
		AC29AB3B21B4F49D0049C079 /* Sources */ = {
			isa = PBXSourcesBuildPhase;
			buildActionMask = 2147483647;
			files = (
				ACF20305223F4B0500FC3B68 /* RentalsListController.swift in Sources */,
				AC985A7B22528FEF00826F4A /* ReturnsHomeController.swift in Sources */,
				ACF202F7223F290E00FC3B68 /* BootsInController.swift in Sources */,
				ACF202F1223C7A6700FC3B68 /* SkisOutController.swift in Sources */,
				ACF20301223F3D9500FC3B68 /* AllHelmetsController.swift in Sources */,
				ACD270EB2262F2FD002B9C5B /* EmployeeLoginController.swift in Sources */,
				AC776D1222799C5800134A22 /* TransferController.swift in Sources */,
				ACF20303223F3F7400FC3B68 /* HelmetsOutController.swift in Sources */,
				ACD270F522646040002B9C5B /* CustomerLoginController.swift in Sources */,
				ACD2710922651632002B9C5B /* SecondRentalAgreementPageController.swift in Sources */,
				AC29AB4521B4F49D0049C079 /* ViewController.swift in Sources */,
				ACD0E89E22321B680047981D /* EquipmentHomeController.swift in Sources */,
				ACD270FB22646FEB002B9C5B /* CustomerSkierListController.swift in Sources */,
				AC7D040C2255496D00721EAF /* FristSkierReturnController.swift in Sources */,
				ACD27107226501B6002B9C5B /* RentalAgreementController.swift in Sources */,
				AC29AB4321B4F49D0049C079 /* AppDelegate.swift in Sources */,
				ACD270DD225D00AC002B9C5B /* ReturnSkierListController.swift in Sources */,
				ACD271012264BB3A002B9C5B /* CustomerRentalsListController.swift in Sources */,
				ACF202EF223AC99700FC3B68 /* AllSkisListController.swift in Sources */,
				ACD270F122644E24002B9C5B /* TodaysReturnsListController.swift in Sources */,
				ACD270E5225D4A2C002B9C5B /* OverduePickUpsController.swift in Sources */,
				ACD270FF2264A401002B9C5B /* CustomerNewSkierFormController.swift in Sources */,
				AC464C7E2234B6F300F28265 /* NextNewSkierController.swift in Sources */,
				ACD0E8942230FEC10047981D /* EquipmentListController.swift in Sources */,
				ACD270EF22640916002B9C5B /* OverdueReturnsListController.swift in Sources */,
				ACD0E8902230CAAD0047981D /* NewCustomerController.swift in Sources */,
				ACD270F3226456CA002B9C5B /* TomorrowsReturnsListController.swift in Sources */,
				ACF20307223F579600FC3B68 /* SkierListController.swift in Sources */,
				ACD270DF225D1676002B9C5B /* ReturnSkierFormController.swift in Sources */,
				ACD0E8922230CE440047981D /* RentalFormController.swift in Sources */,
				AC464C7A223494F800F28265 /* AddSkierController.swift in Sources */,
				ACD271052264DDD3002B9C5B /* CustomerRentalSkierInfoController.swift in Sources */,
				ACD271032264CD25002B9C5B /* CustomerRentalsSkierListController.swift in Sources */,
				ACD270E7225D52EC002B9C5B /* TomorrowsPickUpsController.swift in Sources */,
				ACD270FD226488CF002B9C5B /* SkierInfoController.swift in Sources */,
				ACD270F722646161002B9C5B /* CustomerHomeController.swift in Sources */,
				ACF202FD223F36B500FC3B68 /* BootsOutController.swift in Sources */,
				ACF2030D224019F300FC3B68 /* SkierEquipmentFormContoller.swift in Sources */,
				ACD270E92262F296002B9C5B /* FrontPageController.swift in Sources */,
				ACF202F9223F2EE500FC3B68 /* AllBootsController.swift in Sources */,
				ACF2030B2240162400FC3B68 /* RentalHomeController.swift in Sources */,
				ACF202FF223F39EA00FC3B68 /* HelmetsInController.swift in Sources */,
				AC776D1422799F4000134A22 /* TransferCheckInController.swift in Sources */,
			);
			runOnlyForDeploymentPostprocessing = 0;
		};
		AC29AB4F21B4F49E0049C079 /* Sources */ = {
			isa = PBXSourcesBuildPhase;
			buildActionMask = 2147483647;
			files = (
				AC29AB5821B4F49E0049C079 /* SkiClockTests.swift in Sources */,
			);
			runOnlyForDeploymentPostprocessing = 0;
		};
		AC29AB5A21B4F49E0049C079 /* Sources */ = {
			isa = PBXSourcesBuildPhase;
			buildActionMask = 2147483647;
			files = (
				AC29AB6321B4F49E0049C079 /* SkiClockUITests.swift in Sources */,
			);
			runOnlyForDeploymentPostprocessing = 0;
		};
/* End PBXSourcesBuildPhase section */

/* Begin PBXTargetDependency section */
		AC29AB5521B4F49E0049C079 /* PBXTargetDependency */ = {
			isa = PBXTargetDependency;
			target = AC29AB3E21B4F49D0049C079 /* SkiClock */;
			targetProxy = AC29AB5421B4F49E0049C079 /* PBXContainerItemProxy */;
		};
		AC29AB6021B4F49E0049C079 /* PBXTargetDependency */ = {
			isa = PBXTargetDependency;
			target = AC29AB3E21B4F49D0049C079 /* SkiClock */;
			targetProxy = AC29AB5F21B4F49E0049C079 /* PBXContainerItemProxy */;
		};
/* End PBXTargetDependency section */

/* Begin PBXVariantGroup section */
		AC29AB4621B4F49D0049C079 /* Main.storyboard */ = {
			isa = PBXVariantGroup;
			children = (
				AC29AB4721B4F49D0049C079 /* Base */,
			);
			name = Main.storyboard;
			sourceTree = "<group>";
		};
		AC29AB4B21B4F49E0049C079 /* LaunchScreen.storyboard */ = {
			isa = PBXVariantGroup;
			children = (
				AC29AB4C21B4F49E0049C079 /* Base */,
			);
			name = LaunchScreen.storyboard;
			sourceTree = "<group>";
		};
/* End PBXVariantGroup section */

/* Begin XCBuildConfiguration section */
		AC29AB6521B4F49E0049C079 /* Debug */ = {
			isa = XCBuildConfiguration;
			buildSettings = {
				ALWAYS_SEARCH_USER_PATHS = NO;
				CLANG_ANALYZER_NONNULL = YES;
				CLANG_ANALYZER_NUMBER_OBJECT_CONVERSION = YES_AGGRESSIVE;
				CLANG_CXX_LANGUAGE_STANDARD = "gnu++14";
				CLANG_CXX_LIBRARY = "libc++";
				CLANG_ENABLE_MODULES = YES;
				CLANG_ENABLE_OBJC_ARC = YES;
				CLANG_ENABLE_OBJC_WEAK = YES;
				CLANG_WARN_BLOCK_CAPTURE_AUTORELEASING = YES;
				CLANG_WARN_BOOL_CONVERSION = YES;
				CLANG_WARN_COMMA = YES;
				CLANG_WARN_CONSTANT_CONVERSION = YES;
				CLANG_WARN_DEPRECATED_OBJC_IMPLEMENTATIONS = YES;
				CLANG_WARN_DIRECT_OBJC_ISA_USAGE = YES_ERROR;
				CLANG_WARN_DOCUMENTATION_COMMENTS = YES;
				CLANG_WARN_EMPTY_BODY = YES;
				CLANG_WARN_ENUM_CONVERSION = YES;
				CLANG_WARN_INFINITE_RECURSION = YES;
				CLANG_WARN_INT_CONVERSION = YES;
				CLANG_WARN_NON_LITERAL_NULL_CONVERSION = YES;
				CLANG_WARN_OBJC_IMPLICIT_RETAIN_SELF = YES;
				CLANG_WARN_OBJC_LITERAL_CONVERSION = YES;
				CLANG_WARN_OBJC_ROOT_CLASS = YES_ERROR;
				CLANG_WARN_RANGE_LOOP_ANALYSIS = YES;
				CLANG_WARN_STRICT_PROTOTYPES = YES;
				CLANG_WARN_SUSPICIOUS_MOVE = YES;
				CLANG_WARN_UNGUARDED_AVAILABILITY = YES_AGGRESSIVE;
				CLANG_WARN_UNREACHABLE_CODE = YES;
				CLANG_WARN__DUPLICATE_METHOD_MATCH = YES;
				CODE_SIGN_IDENTITY = "iPhone Developer";
				COPY_PHASE_STRIP = NO;
				DEBUG_INFORMATION_FORMAT = dwarf;
				ENABLE_STRICT_OBJC_MSGSEND = YES;
				ENABLE_TESTABILITY = YES;
				GCC_C_LANGUAGE_STANDARD = gnu11;
				GCC_DYNAMIC_NO_PIC = NO;
				GCC_NO_COMMON_BLOCKS = YES;
				GCC_OPTIMIZATION_LEVEL = 0;
				GCC_PREPROCESSOR_DEFINITIONS = (
					"DEBUG=1",
					"$(inherited)",
				);
				GCC_WARN_64_TO_32_BIT_CONVERSION = YES;
				GCC_WARN_ABOUT_RETURN_TYPE = YES_ERROR;
				GCC_WARN_UNDECLARED_SELECTOR = YES;
				GCC_WARN_UNINITIALIZED_AUTOS = YES_AGGRESSIVE;
				GCC_WARN_UNUSED_FUNCTION = YES;
				GCC_WARN_UNUSED_VARIABLE = YES;
				IPHONEOS_DEPLOYMENT_TARGET = 12.1;
				MTL_ENABLE_DEBUG_INFO = INCLUDE_SOURCE;
				MTL_FAST_MATH = YES;
				ONLY_ACTIVE_ARCH = YES;
				SDKROOT = iphoneos;
				SWIFT_ACTIVE_COMPILATION_CONDITIONS = DEBUG;
				SWIFT_OPTIMIZATION_LEVEL = "-Onone";
			};
			name = Debug;
		};
		AC29AB6621B4F49E0049C079 /* Release */ = {
			isa = XCBuildConfiguration;
			buildSettings = {
				ALWAYS_SEARCH_USER_PATHS = NO;
				CLANG_ANALYZER_NONNULL = YES;
				CLANG_ANALYZER_NUMBER_OBJECT_CONVERSION = YES_AGGRESSIVE;
				CLANG_CXX_LANGUAGE_STANDARD = "gnu++14";
				CLANG_CXX_LIBRARY = "libc++";
				CLANG_ENABLE_MODULES = YES;
				CLANG_ENABLE_OBJC_ARC = YES;
				CLANG_ENABLE_OBJC_WEAK = YES;
				CLANG_WARN_BLOCK_CAPTURE_AUTORELEASING = YES;
				CLANG_WARN_BOOL_CONVERSION = YES;
				CLANG_WARN_COMMA = YES;
				CLANG_WARN_CONSTANT_CONVERSION = YES;
				CLANG_WARN_DEPRECATED_OBJC_IMPLEMENTATIONS = YES;
				CLANG_WARN_DIRECT_OBJC_ISA_USAGE = YES_ERROR;
				CLANG_WARN_DOCUMENTATION_COMMENTS = YES;
				CLANG_WARN_EMPTY_BODY = YES;
				CLANG_WARN_ENUM_CONVERSION = YES;
				CLANG_WARN_INFINITE_RECURSION = YES;
				CLANG_WARN_INT_CONVERSION = YES;
				CLANG_WARN_NON_LITERAL_NULL_CONVERSION = YES;
				CLANG_WARN_OBJC_IMPLICIT_RETAIN_SELF = YES;
				CLANG_WARN_OBJC_LITERAL_CONVERSION = YES;
				CLANG_WARN_OBJC_ROOT_CLASS = YES_ERROR;
				CLANG_WARN_RANGE_LOOP_ANALYSIS = YES;
				CLANG_WARN_STRICT_PROTOTYPES = YES;
				CLANG_WARN_SUSPICIOUS_MOVE = YES;
				CLANG_WARN_UNGUARDED_AVAILABILITY = YES_AGGRESSIVE;
				CLANG_WARN_UNREACHABLE_CODE = YES;
				CLANG_WARN__DUPLICATE_METHOD_MATCH = YES;
				CODE_SIGN_IDENTITY = "iPhone Developer";
				COPY_PHASE_STRIP = NO;
				DEBUG_INFORMATION_FORMAT = "dwarf-with-dsym";
				ENABLE_NS_ASSERTIONS = NO;
				ENABLE_STRICT_OBJC_MSGSEND = YES;
				GCC_C_LANGUAGE_STANDARD = gnu11;
				GCC_NO_COMMON_BLOCKS = YES;
				GCC_WARN_64_TO_32_BIT_CONVERSION = YES;
				GCC_WARN_ABOUT_RETURN_TYPE = YES_ERROR;
				GCC_WARN_UNDECLARED_SELECTOR = YES;
				GCC_WARN_UNINITIALIZED_AUTOS = YES_AGGRESSIVE;
				GCC_WARN_UNUSED_FUNCTION = YES;
				GCC_WARN_UNUSED_VARIABLE = YES;
				IPHONEOS_DEPLOYMENT_TARGET = 12.1;
				MTL_ENABLE_DEBUG_INFO = NO;
				MTL_FAST_MATH = YES;
				SDKROOT = iphoneos;
				SWIFT_COMPILATION_MODE = wholemodule;
				SWIFT_OPTIMIZATION_LEVEL = "-O";
				VALIDATE_PRODUCT = YES;
			};
			name = Release;
		};
		AC29AB6821B4F49E0049C079 /* Debug */ = {
			isa = XCBuildConfiguration;
			baseConfigurationReference = BF898907817EDA473F426809 /* Pods-SkiClock.debug.xcconfig */;
			buildSettings = {
				ASSETCATALOG_COMPILER_APPICON_NAME = AppIcon;
				CODE_SIGN_IDENTITY = "iPhone Developer";
				CODE_SIGN_STYLE = Automatic;
				DEVELOPMENT_TEAM = LN57C833YA;
				INFOPLIST_FILE = SkiClock/Info.plist;
				LD_RUNPATH_SEARCH_PATHS = (
					"$(inherited)",
					"@executable_path/Frameworks",
				);
				PRODUCT_BUNDLE_IDENTIFIER = com.IanSime.SkiClock;
				PRODUCT_NAME = "$(TARGET_NAME)";
				PROVISIONING_PROFILE_SPECIFIER = "";
				SWIFT_VERSION = 4.2;
				TARGETED_DEVICE_FAMILY = 2;
			};
			name = Debug;
		};
		AC29AB6921B4F49E0049C079 /* Release */ = {
			isa = XCBuildConfiguration;
			baseConfigurationReference = 41D206FA2FBC420898B4789A /* Pods-SkiClock.release.xcconfig */;
			buildSettings = {
				ASSETCATALOG_COMPILER_APPICON_NAME = AppIcon;
				CODE_SIGN_IDENTITY = "iPhone Developer";
				CODE_SIGN_STYLE = Automatic;
				DEVELOPMENT_TEAM = LN57C833YA;
				INFOPLIST_FILE = SkiClock/Info.plist;
				LD_RUNPATH_SEARCH_PATHS = (
					"$(inherited)",
					"@executable_path/Frameworks",
				);
				PRODUCT_BUNDLE_IDENTIFIER = com.IanSime.SkiClock;
				PRODUCT_NAME = "$(TARGET_NAME)";
				PROVISIONING_PROFILE_SPECIFIER = "";
				SWIFT_VERSION = 4.2;
				TARGETED_DEVICE_FAMILY = 2;
			};
			name = Release;
		};
		AC29AB6B21B4F49E0049C079 /* Debug */ = {
			isa = XCBuildConfiguration;
			baseConfigurationReference = E77C5A08C78C24EF4AF117F0 /* Pods-SkiClockTests.debug.xcconfig */;
			buildSettings = {
				ALWAYS_EMBED_SWIFT_STANDARD_LIBRARIES = YES;
				BUNDLE_LOADER = "$(TEST_HOST)";
				CODE_SIGN_STYLE = Automatic;
				INFOPLIST_FILE = SkiClockTests/Info.plist;
				LD_RUNPATH_SEARCH_PATHS = (
					"$(inherited)",
					"@executable_path/Frameworks",
					"@loader_path/Frameworks",
				);
				PRODUCT_BUNDLE_IDENTIFIER = com.IanSime.SkiClockTests;
				PRODUCT_NAME = "$(TARGET_NAME)";
				SWIFT_VERSION = 4.2;
				TARGETED_DEVICE_FAMILY = "1,2";
				TEST_HOST = "$(BUILT_PRODUCTS_DIR)/SkiClock.app/SkiClock";
			};
			name = Debug;
		};
		AC29AB6C21B4F49E0049C079 /* Release */ = {
			isa = XCBuildConfiguration;
			baseConfigurationReference = C431D711A390D23B8FC8FB80 /* Pods-SkiClockTests.release.xcconfig */;
			buildSettings = {
				ALWAYS_EMBED_SWIFT_STANDARD_LIBRARIES = YES;
				BUNDLE_LOADER = "$(TEST_HOST)";
				CODE_SIGN_STYLE = Automatic;
				INFOPLIST_FILE = SkiClockTests/Info.plist;
				LD_RUNPATH_SEARCH_PATHS = (
					"$(inherited)",
					"@executable_path/Frameworks",
					"@loader_path/Frameworks",
				);
				PRODUCT_BUNDLE_IDENTIFIER = com.IanSime.SkiClockTests;
				PRODUCT_NAME = "$(TARGET_NAME)";
				SWIFT_VERSION = 4.2;
				TARGETED_DEVICE_FAMILY = "1,2";
				TEST_HOST = "$(BUILT_PRODUCTS_DIR)/SkiClock.app/SkiClock";
			};
			name = Release;
		};
		AC29AB6E21B4F49E0049C079 /* Debug */ = {
			isa = XCBuildConfiguration;
			baseConfigurationReference = 2D76F8CAF12BE00894AAEFBA /* Pods-SkiClockUITests.debug.xcconfig */;
			buildSettings = {
				ALWAYS_EMBED_SWIFT_STANDARD_LIBRARIES = YES;
				CODE_SIGN_STYLE = Automatic;
				INFOPLIST_FILE = SkiClockUITests/Info.plist;
				LD_RUNPATH_SEARCH_PATHS = (
					"$(inherited)",
					"@executable_path/Frameworks",
					"@loader_path/Frameworks",
				);
				PRODUCT_BUNDLE_IDENTIFIER = com.IanSime.SkiClockUITests;
				PRODUCT_NAME = "$(TARGET_NAME)";
				SWIFT_VERSION = 4.2;
				TARGETED_DEVICE_FAMILY = "1,2";
				TEST_TARGET_NAME = SkiClock;
			};
			name = Debug;
		};
		AC29AB6F21B4F49E0049C079 /* Release */ = {
			isa = XCBuildConfiguration;
			baseConfigurationReference = DF3BA8B0A540A2E0124A7144 /* Pods-SkiClockUITests.release.xcconfig */;
			buildSettings = {
				ALWAYS_EMBED_SWIFT_STANDARD_LIBRARIES = YES;
				CODE_SIGN_STYLE = Automatic;
				INFOPLIST_FILE = SkiClockUITests/Info.plist;
				LD_RUNPATH_SEARCH_PATHS = (
					"$(inherited)",
					"@executable_path/Frameworks",
					"@loader_path/Frameworks",
				);
				PRODUCT_BUNDLE_IDENTIFIER = com.IanSime.SkiClockUITests;
				PRODUCT_NAME = "$(TARGET_NAME)";
				SWIFT_VERSION = 4.2;
				TARGETED_DEVICE_FAMILY = "1,2";
				TEST_TARGET_NAME = SkiClock;
			};
			name = Release;
		};
/* End XCBuildConfiguration section */

/* Begin XCConfigurationList section */
		AC29AB3A21B4F49D0049C079 /* Build configuration list for PBXProject "SkiClock" */ = {
			isa = XCConfigurationList;
			buildConfigurations = (
				AC29AB6521B4F49E0049C079 /* Debug */,
				AC29AB6621B4F49E0049C079 /* Release */,
			);
			defaultConfigurationIsVisible = 0;
			defaultConfigurationName = Release;
		};
		AC29AB6721B4F49E0049C079 /* Build configuration list for PBXNativeTarget "SkiClock" */ = {
			isa = XCConfigurationList;
			buildConfigurations = (
				AC29AB6821B4F49E0049C079 /* Debug */,
				AC29AB6921B4F49E0049C079 /* Release */,
			);
			defaultConfigurationIsVisible = 0;
			defaultConfigurationName = Release;
		};
		AC29AB6A21B4F49E0049C079 /* Build configuration list for PBXNativeTarget "SkiClockTests" */ = {
			isa = XCConfigurationList;
			buildConfigurations = (
				AC29AB6B21B4F49E0049C079 /* Debug */,
				AC29AB6C21B4F49E0049C079 /* Release */,
			);
			defaultConfigurationIsVisible = 0;
			defaultConfigurationName = Release;
		};
		AC29AB6D21B4F49E0049C079 /* Build configuration list for PBXNativeTarget "SkiClockUITests" */ = {
			isa = XCConfigurationList;
			buildConfigurations = (
				AC29AB6E21B4F49E0049C079 /* Debug */,
				AC29AB6F21B4F49E0049C079 /* Release */,
			);
			defaultConfigurationIsVisible = 0;
			defaultConfigurationName = Release;
		};
/* End XCConfigurationList section */
	};
	rootObject = AC29AB3721B4F49D0049C079 /* Project object */;
}
